
Microsoft Visual Studio Solution File, Format Version 12.00
# Visual Studio Version 17
VisualStudioVersion = 17.2.32630.192
MinimumVisualStudioVersion = 10.0.40219.1
Project("{FAE04EC0-301F-11D3-BF4B-00C04F79EFBC}") = "Expense Tracker", "Expense Tracker\Expense Tracker.csproj", "{5A0767E8-BEAE-453D-AB1B-0FC348DAAFB2}"
EndProject
Global
	GlobalSection(SolutionConfigurationPlatforms) = preSolution
		Debug|Any CPU = Debug|Any CPU
		Release|Any CPU = Release|Any CPU
	EndGlobalSection
	GlobalSection(ProjectConfigurationPlatforms) = postSolution
		{5A0767E8-BEAE-453D-AB1B-0FC348DAAFB2}.Debug|Any CPU.ActiveCfg = Debug|Any CPU
		{5A0767E8-BEAE-453D-AB1B-0FC348DAAFB2}.Debug|Any CPU.Build.0 = Debug|Any CPU
		{5A0767E8-BEAE-453D-AB1B-0FC348DAAFB2}.Release|Any CPU.ActiveCfg = Release|Any CPU
		{5A0767E8-BEAE-453D-AB1B-0FC348DAAFB2}.Release|Any CPU.Build.0 = Release|Any CPU
	EndGlobalSection
	GlobalSection(SolutionProperties) = preSolution
		HideSolutionNode = FALSE
	EndGlobalSection
	GlobalSection(ExtensibilityGlobals) = postSolution
		SolutionGuid = {6061DE4B-24EF-463A-9EAF-B1E7B115A348}
	EndGlobalSection
EndGlobal
